
Microsoft Visual Studio Solution File, Format Version 12.00
# Visual Studio Version 16
VisualStudioVersion = 16.0.29424.173
MinimumVisualStudioVersion = 10.0.40219.1
Project("{9A19103F-16F7-4668-BE54-9A1E7A4F7556}") = "ShopApp.Business", "ShopApp.Business\ShopApp.Business.csproj", "{15A79ABD-D373-48D9-954D-4791639AFD83}"
EndProject
Project("{9A19103F-16F7-4668-BE54-9A1E7A4F7556}") = "ShopApp.DataAccess", "ShopApp.DataAccess\ShopApp.DataAccess.csproj", "{CC335C79-CA9C-460B-8342-215A5E8B2009}"
EndProject
Project("{9A19103F-16F7-4668-BE54-9A1E7A4F7556}") = "ShopApp.Entities", "ShopApp.Entities\ShopApp.Entities.csproj", "{0BA6DC42-3BA3-4164-8B9F-94462A1C16B3}"
EndProject
Project("{9A19103F-16F7-4668-BE54-9A1E7A4F7556}") = "ShopApp.WebUI", "ShopApp.WebUI\ShopApp.WebUI.csproj", "{F8C79745-1B4A-4EA2-A03E-50C04CE9264A}"
EndProject
Global
	GlobalSection(SolutionConfigurationPlatforms) = preSolution
		Debug|Any CPU = Debug|Any CPU
		Release|Any CPU = Release|Any CPU
	EndGlobalSection
	GlobalSection(ProjectConfigurationPlatforms) = postSolution
		{15A79ABD-D373-48D9-954D-4791639AFD83}.Debug|Any CPU.ActiveCfg = Debug|Any CPU
		{15A79ABD-D373-48D9-954D-4791639AFD83}.Debug|Any CPU.Build.0 = Debug|Any CPU
		{15A79ABD-D373-48D9-954D-4791639AFD83}.Release|Any CPU.ActiveCfg = Release|Any CPU
		{15A79ABD-D373-48D9-954D-4791639AFD83}.Release|Any CPU.Build.0 = Release|Any CPU
		{CC335C79-CA9C-460B-8342-215A5E8B2009}.Debug|Any CPU.ActiveCfg = Debug|Any CPU
		{CC335C79-CA9C-460B-8342-215A5E8B2009}.Debug|Any CPU.Build.0 = Debug|Any CPU
		{CC335C79-CA9C-460B-8342-215A5E8B2009}.Release|Any CPU.ActiveCfg = Release|Any CPU
		{CC335C79-CA9C-460B-8342-215A5E8B2009}.Release|Any CPU.Build.0 = Release|Any CPU
		{0BA6DC42-3BA3-4164-8B9F-94462A1C16B3}.Debug|Any CPU.ActiveCfg = Debug|Any CPU
		{0BA6DC42-3BA3-4164-8B9F-94462A1C16B3}.Debug|Any CPU.Build.0 = Debug|Any CPU
		{0BA6DC42-3BA3-4164-8B9F-94462A1C16B3}.Release|Any CPU.ActiveCfg = Release|Any CPU
		{0BA6DC42-3BA3-4164-8B9F-94462A1C16B3}.Release|Any CPU.Build.0 = Release|Any CPU
		{F8C79745-1B4A-4EA2-A03E-50C04CE9264A}.Debug|Any CPU.ActiveCfg = Debug|Any CPU
		{F8C79745-1B4A-4EA2-A03E-50C04CE9264A}.Debug|Any CPU.Build.0 = Debug|Any CPU
		{F8C79745-1B4A-4EA2-A03E-50C04CE9264A}.Release|Any CPU.ActiveCfg = Release|Any CPU
		{F8C79745-1B4A-4EA2-A03E-50C04CE9264A}.Release|Any CPU.Build.0 = Release|Any CPU
	EndGlobalSection
	GlobalSection(SolutionProperties) = preSolution
		HideSolutionNode = FALSE
	EndGlobalSection
	GlobalSection(ExtensibilityGlobals) = postSolution
		SolutionGuid = {14B2EAF7-B2DA-4166-BAE2-FE4686773155}
	EndGlobalSection
EndGlobal
