
Microsoft Visual Studio Solution File, Format Version 12.00
# Visual Studio 15
VisualStudioVersion = 15.0.28307.852
MinimumVisualStudioVersion = 10.0.40219.1
Project("{FAE04EC0-301F-11D3-BF4B-00C04F79EFBC}") = "ShopApp.Entities", "ShopApp.Entities\ShopApp.Entities.csproj", "{6462CAEB-4F79-4A03-BC1D-47C556008314}"
EndProject
Project("{FAE04EC0-301F-11D3-BF4B-00C04F79EFBC}") = "ShopApp.DataAccess", "ShopApp.DataAccess\ShopApp.DataAccess.csproj", "{3FF4049C-E0B9-438C-A260-F04CC8E63624}"
EndProject
Project("{FAE04EC0-301F-11D3-BF4B-00C04F79EFBC}") = "ShopApp.Business", "ShopApp.Business\ShopApp.Business.csproj", "{670AA3D2-C70E-4C7A-8165-D83731CDEE50}"
EndProject
Project("{FAE04EC0-301F-11D3-BF4B-00C04F79EFBC}") = "ShopApp.WebUI", "ShopApp.WebUI\ShopApp.WebUI.csproj", "{6BC28315-B1D6-4F16-A5D6-C19AFB062211}"
EndProject
Global
	GlobalSection(SolutionConfigurationPlatforms) = preSolution
		Debug|Any CPU = Debug|Any CPU
		Release|Any CPU = Release|Any CPU
	EndGlobalSection
	GlobalSection(ProjectConfigurationPlatforms) = postSolution
		{6462CAEB-4F79-4A03-BC1D-47C556008314}.Debug|Any CPU.ActiveCfg = Debug|Any CPU
		{6462CAEB-4F79-4A03-BC1D-47C556008314}.Debug|Any CPU.Build.0 = Debug|Any CPU
		{6462CAEB-4F79-4A03-BC1D-47C556008314}.Release|Any CPU.ActiveCfg = Release|Any CPU
		{6462CAEB-4F79-4A03-BC1D-47C556008314}.Release|Any CPU.Build.0 = Release|Any CPU
		{3FF4049C-E0B9-438C-A260-F04CC8E63624}.Debug|Any CPU.ActiveCfg = Debug|Any CPU
		{3FF4049C-E0B9-438C-A260-F04CC8E63624}.Debug|Any CPU.Build.0 = Debug|Any CPU
		{3FF4049C-E0B9-438C-A260-F04CC8E63624}.Release|Any CPU.ActiveCfg = Release|Any CPU
		{3FF4049C-E0B9-438C-A260-F04CC8E63624}.Release|Any CPU.Build.0 = Release|Any CPU
		{670AA3D2-C70E-4C7A-8165-D83731CDEE50}.Debug|Any CPU.ActiveCfg = Debug|Any CPU
		{670AA3D2-C70E-4C7A-8165-D83731CDEE50}.Debug|Any CPU.Build.0 = Debug|Any CPU
		{670AA3D2-C70E-4C7A-8165-D83731CDEE50}.Release|Any CPU.ActiveCfg = Release|Any CPU
		{670AA3D2-C70E-4C7A-8165-D83731CDEE50}.Release|Any CPU.Build.0 = Release|Any CPU
		{6BC28315-B1D6-4F16-A5D6-C19AFB062211}.Debug|Any CPU.ActiveCfg = Debug|Any CPU
		{6BC28315-B1D6-4F16-A5D6-C19AFB062211}.Debug|Any CPU.Build.0 = Debug|Any CPU
		{6BC28315-B1D6-4F16-A5D6-C19AFB062211}.Release|Any CPU.ActiveCfg = Release|Any CPU
		{6BC28315-B1D6-4F16-A5D6-C19AFB062211}.Release|Any CPU.Build.0 = Release|Any CPU
	EndGlobalSection
	GlobalSection(SolutionProperties) = preSolution
		HideSolutionNode = FALSE
	EndGlobalSection
	GlobalSection(ExtensibilityGlobals) = postSolution
		SolutionGuid = {59649F22-1C1D-4743-A747-B475D5368CB6}
	EndGlobalSection
EndGlobal
